{
  "name": "playground-jco",
  "version": "1.0.0",
  "lockfileVersion": 3,
  "requires": true,
  "packages": {
    "": {
      "name": "playground-jco",
      "version": "1.0.0",
      "license": "ISC",
      "dependencies": {
        "@bytecodealliance/preview2-shim": "^0.15.1"
      },
      "devDependencies": {}
    },
    "node_modules/@bytecodealliance/preview2-shim": {
      "version": "0.15.1",
      "resolved": "https://registry.npmjs.org/@bytecodealliance/preview2-shim/-/preview2-shim-0.15.1.tgz",
      "integrity": "sha512-dzdsRvdDTaogMS8rLJhJWtRMMIUwaXcZyxklnsj6o81/PQl5VCPMBqBItRnmbtizTVGPKGxmfRkxZBw86gBkzg=="
    }
  }
}
